
Microsoft Visual Studio Solution File, Format Version 12.00
# Visual Studio Version 17
VisualStudioVersion = 17.5.002.0
MinimumVisualStudioVersion = 10.0.40219.1
Project("{2150E333-8FDC-42A3-9474-1A3956D46DE8}") = "csharp-prep", "csharp-prep", "{AB502B27-BCA6-4E48-88F1-AAC5E58BF593}"
EndProject
Project("{9A19103F-16F7-4668-BE54-9A1E7A4F7556}") = "Prep1", "csharp-prep\Prep1\Prep1.csproj", "{BD5A458C-BA5B-4583-AE5D-F1C1E1F7BB45}"
EndProject
Project("{9A19103F-16F7-4668-BE54-9A1E7A4F7556}") = "Prep2", "csharp-prep\Prep2\Prep2.csproj", "{46A3C78D-1C68-4716-BBCC-864B6A75BEE6}"
EndProject
Project("{9A19103F-16F7-4668-BE54-9A1E7A4F7556}") = "Prep3", "csharp-prep\Prep3\Prep3.csproj", "{58B51113-8C5C-4D12-8C33-726B22CF4825}"
EndProject
Project("{9A19103F-16F7-4668-BE54-9A1E7A4F7556}") = "Prep4", "csharp-prep\Prep4\Prep4.csproj", "{4518232B-1DEA-489C-BF28-460591DBA869}"
EndProject
Project("{9A19103F-16F7-4668-BE54-9A1E7A4F7556}") = "Prep5", "csharp-prep\Prep5\Prep5.csproj", "{21872DEE-5EFA-41AC-8C84-9FFC28759725}"
EndProject
Project("{2150E333-8FDC-42A3-9474-1A3956D46DE8}") = "final", "final", "{4AFD51DC-2277-4031-A15C-3BAAB16F6BC4}"
EndProject
Project("{9A19103F-16F7-4668-BE54-9A1E7A4F7556}") = "FinalProject", "final\FinalProject\FinalProject.csproj", "{A13F4DE4-9357-4CEB-9AD0-4CECC98D893B}"
EndProject
Project("{9A19103F-16F7-4668-BE54-9A1E7A4F7556}") = "Foundation1", "final\Foundation1\Foundation1.csproj", "{7242151C-824C-49EC-9905-5DC7AA96A40A}"
EndProject
Project("{9A19103F-16F7-4668-BE54-9A1E7A4F7556}") = "Foundation2", "final\Foundation2\Foundation2.csproj", "{BD0B5FB7-DE09-4932-AC96-640B239C79F2}"
EndProject
Project("{9A19103F-16F7-4668-BE54-9A1E7A4F7556}") = "Foundation3", "final\Foundation3\Foundation3.csproj", "{0D03B38D-C312-4E95-8976-D9F670DE7CD1}"
EndProject
Project("{9A19103F-16F7-4668-BE54-9A1E7A4F7556}") = "Foundation4", "final\Foundation4\Foundation4.csproj", "{611BB4E8-1A67-4955-A856-9957A01204A5}"
EndProject
Project("{2150E333-8FDC-42A3-9474-1A3956D46DE8}") = "prepare", "prepare", "{62E9B01E-F338-4DA4-B017-778408EA8FAD}"
EndProject
Project("{9A19103F-16F7-4668-BE54-9A1E7A4F7556}") = "Learning02", "prepare\Learning02\Learning02.csproj", "{8788E8E2-1C82-44EE-9A5F-779FDFE41090}"
EndProject
Project("{9A19103F-16F7-4668-BE54-9A1E7A4F7556}") = "Learning03", "prepare\Learning03\Learning03.csproj", "{3FFAB619-196A-49A5-A814-CDFF3E181A77}"
EndProject
Project("{9A19103F-16F7-4668-BE54-9A1E7A4F7556}") = "Learning04", "prepare\Learning04\Learning04.csproj", "{2EDB172D-A78B-4DDE-8703-909B9C45A1B2}"
EndProject
Project("{9A19103F-16F7-4668-BE54-9A1E7A4F7556}") = "Learning05", "prepare\Learning05\Learning05.csproj", "{09965BFE-0D73-4FEE-BF10-969FDB6BE877}"
EndProject
Project("{2150E333-8FDC-42A3-9474-1A3956D46DE8}") = "prove", "prove", "{4F36F930-3A7F-4AF0-BF16-0C027EC9C0E2}"
EndProject
Project("{9A19103F-16F7-4668-BE54-9A1E7A4F7556}") = "Develop02", "prove\Develop02\Develop02.csproj", "{27798B1A-894E-4F98-A6DC-12BDFEB10AE1}"
EndProject
Project("{9A19103F-16F7-4668-BE54-9A1E7A4F7556}") = "Develop03", "prove\Develop03\Develop03.csproj", "{F5C098BA-7D24-4325-9F8A-F05A0C4D7C86}"
EndProject
Project("{9A19103F-16F7-4668-BE54-9A1E7A4F7556}") = "Develop04", "prove\Develop04\Develop04.csproj", "{0F354C47-F0F9-4C3C-8140-8EB48A6444F3}"
EndProject
Project("{9A19103F-16F7-4668-BE54-9A1E7A4F7556}") = "Develop05", "prove\Develop05\Develop05.csproj", "{9989AA54-6BE7-4CDB-9D4B-8A649B73D3BF}"
EndProject
Project("{2150E333-8FDC-42A3-9474-1A3956D46DE8}") = "sandbox", "sandbox", "{AB0B97AE-10B6-4A9E-8360-D2E603A884FA}"
EndProject
Project("{9A19103F-16F7-4668-BE54-9A1E7A4F7556}") = "Sandbox", "sandbox\Sandbox\Sandbox.csproj", "{803BADF9-16C4-42C6-A95C-1F77F2FC5AAF}"
EndProject
Global
	GlobalSection(SolutionConfigurationPlatforms) = preSolution
		Debug|Any CPU = Debug|Any CPU
		Release|Any CPU = Release|Any CPU
	EndGlobalSection
	GlobalSection(ProjectConfigurationPlatforms) = postSolution
		{BD5A458C-BA5B-4583-AE5D-F1C1E1F7BB45}.Debug|Any CPU.ActiveCfg = Debug|Any CPU
		{BD5A458C-BA5B-4583-AE5D-F1C1E1F7BB45}.Debug|Any CPU.Build.0 = Debug|Any CPU
		{BD5A458C-BA5B-4583-AE5D-F1C1E1F7BB45}.Release|Any CPU.ActiveCfg = Release|Any CPU
		{BD5A458C-BA5B-4583-AE5D-F1C1E1F7BB45}.Release|Any CPU.Build.0 = Release|Any CPU
		{46A3C78D-1C68-4716-BBCC-864B6A75BEE6}.Debug|Any CPU.ActiveCfg = Debug|Any CPU
		{46A3C78D-1C68-4716-BBCC-864B6A75BEE6}.Debug|Any CPU.Build.0 = Debug|Any CPU
		{46A3C78D-1C68-4716-BBCC-864B6A75BEE6}.Release|Any CPU.ActiveCfg = Release|Any CPU
		{46A3C78D-1C68-4716-BBCC-864B6A75BEE6}.Release|Any CPU.Build.0 = Release|Any CPU
		{58B51113-8C5C-4D12-8C33-726B22CF4825}.Debug|Any CPU.ActiveCfg = Debug|Any CPU
		{58B51113-8C5C-4D12-8C33-726B22CF4825}.Debug|Any CPU.Build.0 = Debug|Any CPU
		{58B51113-8C5C-4D12-8C33-726B22CF4825}.Release|Any CPU.ActiveCfg = Release|Any CPU
		{58B51113-8C5C-4D12-8C33-726B22CF4825}.Release|Any CPU.Build.0 = Release|Any CPU
		{4518232B-1DEA-489C-BF28-460591DBA869}.Debug|Any CPU.ActiveCfg = Debug|Any CPU
		{4518232B-1DEA-489C-BF28-460591DBA869}.Debug|Any CPU.Build.0 = Debug|Any CPU
		{4518232B-1DEA-489C-BF28-460591DBA869}.Release|Any CPU.ActiveCfg = Release|Any CPU
		{4518232B-1DEA-489C-BF28-460591DBA869}.Release|Any CPU.Build.0 = Release|Any CPU
		{21872DEE-5EFA-41AC-8C84-9FFC28759725}.Debug|Any CPU.ActiveCfg = Debug|Any CPU
		{21872DEE-5EFA-41AC-8C84-9FFC28759725}.Debug|Any CPU.Build.0 = Debug|Any CPU
		{21872DEE-5EFA-41AC-8C84-9FFC28759725}.Release|Any CPU.ActiveCfg = Release|Any CPU
		{21872DEE-5EFA-41AC-8C84-9FFC28759725}.Release|Any CPU.Build.0 = Release|Any CPU
		{A13F4DE4-9357-4CEB-9AD0-4CECC98D893B}.Debug|Any CPU.ActiveCfg = Debug|Any CPU
		{A13F4DE4-9357-4CEB-9AD0-4CECC98D893B}.Debug|Any CPU.Build.0 = Debug|Any CPU
		{A13F4DE4-9357-4CEB-9AD0-4CECC98D893B}.Release|Any CPU.ActiveCfg = Release|Any CPU
		{A13F4DE4-9357-4CEB-9AD0-4CECC98D893B}.Release|Any CPU.Build.0 = Release|Any CPU
		{7242151C-824C-49EC-9905-5DC7AA96A40A}.Debug|Any CPU.ActiveCfg = Debug|Any CPU
		{7242151C-824C-49EC-9905-5DC7AA96A40A}.Debug|Any CPU.Build.0 = Debug|Any CPU
		{7242151C-824C-49EC-9905-5DC7AA96A40A}.Release|Any CPU.ActiveCfg = Release|Any CPU
		{7242151C-824C-49EC-9905-5DC7AA96A40A}.Release|Any CPU.Build.0 = Release|Any CPU
		{BD0B5FB7-DE09-4932-AC96-640B239C79F2}.Debug|Any CPU.ActiveCfg = Debug|Any CPU
		{BD0B5FB7-DE09-4932-AC96-640B239C79F2}.Debug|Any CPU.Build.0 = Debug|Any CPU
		{BD0B5FB7-DE09-4932-AC96-640B239C79F2}.Release|Any CPU.ActiveCfg = Release|Any CPU
		{BD0B5FB7-DE09-4932-AC96-640B239C79F2}.Release|Any CPU.Build.0 = Release|Any CPU
		{0D03B38D-C312-4E95-8976-D9F670DE7CD1}.Debug|Any CPU.ActiveCfg = Debug|Any CPU
		{0D03B38D-C312-4E95-8976-D9F670DE7CD1}.Debug|Any CPU.Build.0 = Debug|Any CPU
		{0D03B38D-C312-4E95-8976-D9F670DE7CD1}.Release|Any CPU.ActiveCfg = Release|Any CPU
		{0D03B38D-C312-4E95-8976-D9F670DE7CD1}.Release|Any CPU.Build.0 = Release|Any CPU
		{611BB4E8-1A67-4955-A856-9957A01204A5}.Debug|Any CPU.ActiveCfg = Debug|Any CPU
		{611BB4E8-1A67-4955-A856-9957A01204A5}.Debug|Any CPU.Build.0 = Debug|Any CPU
		{611BB4E8-1A67-4955-A856-9957A01204A5}.Release|Any CPU.ActiveCfg = Release|Any CPU
		{611BB4E8-1A67-4955-A856-9957A01204A5}.Release|Any CPU.Build.0 = Release|Any CPU
		{8788E8E2-1C82-44EE-9A5F-779FDFE41090}.Debug|Any CPU.ActiveCfg = Debug|Any CPU
		{8788E8E2-1C82-44EE-9A5F-779FDFE41090}.Debug|Any CPU.Build.0 = Debug|Any CPU
		{8788E8E2-1C82-44EE-9A5F-779FDFE41090}.Release|Any CPU.ActiveCfg = Release|Any CPU
		{8788E8E2-1C82-44EE-9A5F-779FDFE41090}.Release|Any CPU.Build.0 = Release|Any CPU
		{3FFAB619-196A-49A5-A814-CDFF3E181A77}.Debug|Any CPU.ActiveCfg = Debug|Any CPU
		{3FFAB619-196A-49A5-A814-CDFF3E181A77}.Debug|Any CPU.Build.0 = Debug|Any CPU
		{3FFAB619-196A-49A5-A814-CDFF3E181A77}.Release|Any CPU.ActiveCfg = Release|Any CPU
		{3FFAB619-196A-49A5-A814-CDFF3E181A77}.Release|Any CPU.Build.0 = Release|Any CPU
		{2EDB172D-A78B-4DDE-8703-909B9C45A1B2}.Debug|Any CPU.ActiveCfg = Debug|Any CPU
		{2EDB172D-A78B-4DDE-8703-909B9C45A1B2}.Debug|Any CPU.Build.0 = Debug|Any CPU
		{2EDB172D-A78B-4DDE-8703-909B9C45A1B2}.Release|Any CPU.ActiveCfg = Release|Any CPU
		{2EDB172D-A78B-4DDE-8703-909B9C45A1B2}.Release|Any CPU.Build.0 = Release|Any CPU
		{09965BFE-0D73-4FEE-BF10-969FDB6BE877}.Debug|Any CPU.ActiveCfg = Debug|Any CPU
		{09965BFE-0D73-4FEE-BF10-969FDB6BE877}.Debug|Any CPU.Build.0 = Debug|Any CPU
		{09965BFE-0D73-4FEE-BF10-969FDB6BE877}.Release|Any CPU.ActiveCfg = Release|Any CPU
		{09965BFE-0D73-4FEE-BF10-969FDB6BE877}.Release|Any CPU.Build.0 = Release|Any CPU
		{27798B1A-894E-4F98-A6DC-12BDFEB10AE1}.Debug|Any CPU.ActiveCfg = Debug|Any CPU
		{27798B1A-894E-4F98-A6DC-12BDFEB10AE1}.Debug|Any CPU.Build.0 = Debug|Any CPU
		{27798B1A-894E-4F98-A6DC-12BDFEB10AE1}.Release|Any CPU.ActiveCfg = Release|Any CPU
		{27798B1A-894E-4F98-A6DC-12BDFEB10AE1}.Release|Any CPU.Build.0 = Release|Any CPU
		{F5C098BA-7D24-4325-9F8A-F05A0C4D7C86}.Debug|Any CPU.ActiveCfg = Debug|Any CPU
		{F5C098BA-7D24-4325-9F8A-F05A0C4D7C86}.Debug|Any CPU.Build.0 = Debug|Any CPU
		{F5C098BA-7D24-4325-9F8A-F05A0C4D7C86}.Release|Any CPU.ActiveCfg = Release|Any CPU
		{F5C098BA-7D24-4325-9F8A-F05A0C4D7C86}.Release|Any CPU.Build.0 = Release|Any CPU
		{0F354C47-F0F9-4C3C-8140-8EB48A6444F3}.Debug|Any CPU.ActiveCfg = Debug|Any CPU
		{0F354C47-F0F9-4C3C-8140-8EB48A6444F3}.Debug|Any CPU.Build.0 = Debug|Any CPU
		{0F354C47-F0F9-4C3C-8140-8EB48A6444F3}.Release|Any CPU.ActiveCfg = Release|Any CPU
		{0F354C47-F0F9-4C3C-8140-8EB48A6444F3}.Release|Any CPU.Build.0 = Release|Any CPU
		{9989AA54-6BE7-4CDB-9D4B-8A649B73D3BF}.Debug|Any CPU.ActiveCfg = Debug|Any CPU
		{9989AA54-6BE7-4CDB-9D4B-8A649B73D3BF}.Debug|Any CPU.Build.0 = Debug|Any CPU
		{9989AA54-6BE7-4CDB-9D4B-8A649B73D3BF}.Release|Any CPU.ActiveCfg = Release|Any CPU
		{9989AA54-6BE7-4CDB-9D4B-8A649B73D3BF}.Release|Any CPU.Build.0 = Release|Any CPU
		{803BADF9-16C4-42C6-A95C-1F77F2FC5AAF}.Debug|Any CPU.ActiveCfg = Debug|Any CPU
		{803BADF9-16C4-42C6-A95C-1F77F2FC5AAF}.Debug|Any CPU.Build.0 = Debug|Any CPU
		{803BADF9-16C4-42C6-A95C-1F77F2FC5AAF}.Release|Any CPU.ActiveCfg = Release|Any CPU
		{803BADF9-16C4-42C6-A95C-1F77F2FC5AAF}.Release|Any CPU.Build.0 = Release|Any CPU
	EndGlobalSection
	GlobalSection(SolutionProperties) = preSolution
		HideSolutionNode = FALSE
	EndGlobalSection
	GlobalSection(NestedProjects) = preSolution
		{BD5A458C-BA5B-4583-AE5D-F1C1E1F7BB45} = {AB502B27-BCA6-4E48-88F1-AAC5E58BF593}
		{46A3C78D-1C68-4716-BBCC-864B6A75BEE6} = {AB502B27-BCA6-4E48-88F1-AAC5E58BF593}
		{58B51113-8C5C-4D12-8C33-726B22CF4825} = {AB502B27-BCA6-4E48-88F1-AAC5E58BF593}
		{4518232B-1DEA-489C-BF28-460591DBA869} = {AB502B27-BCA6-4E48-88F1-AAC5E58BF593}
		{21872DEE-5EFA-41AC-8C84-9FFC28759725} = {AB502B27-BCA6-4E48-88F1-AAC5E58BF593}
		{A13F4DE4-9357-4CEB-9AD0-4CECC98D893B} = {4AFD51DC-2277-4031-A15C-3BAAB16F6BC4}
		{7242151C-824C-49EC-9905-5DC7AA96A40A} = {4AFD51DC-2277-4031-A15C-3BAAB16F6BC4}
		{BD0B5FB7-DE09-4932-AC96-640B239C79F2} = {4AFD51DC-2277-4031-A15C-3BAAB16F6BC4}
		{0D03B38D-C312-4E95-8976-D9F670DE7CD1} = {4AFD51DC-2277-4031-A15C-3BAAB16F6BC4}
		{611BB4E8-1A67-4955-A856-9957A01204A5} = {4AFD51DC-2277-4031-A15C-3BAAB16F6BC4}
		{8788E8E2-1C82-44EE-9A5F-779FDFE41090} = {62E9B01E-F338-4DA4-B017-778408EA8FAD}
		{3FFAB619-196A-49A5-A814-CDFF3E181A77} = {62E9B01E-F338-4DA4-B017-778408EA8FAD}
		{2EDB172D-A78B-4DDE-8703-909B9C45A1B2} = {62E9B01E-F338-4DA4-B017-778408EA8FAD}
		{09965BFE-0D73-4FEE-BF10-969FDB6BE877} = {62E9B01E-F338-4DA4-B017-778408EA8FAD}
		{27798B1A-894E-4F98-A6DC-12BDFEB10AE1} = {4F36F930-3A7F-4AF0-BF16-0C027EC9C0E2}
		{F5C098BA-7D24-4325-9F8A-F05A0C4D7C86} = {4F36F930-3A7F-4AF0-BF16-0C027EC9C0E2}
		{0F354C47-F0F9-4C3C-8140-8EB48A6444F3} = {4F36F930-3A7F-4AF0-BF16-0C027EC9C0E2}
		{9989AA54-6BE7-4CDB-9D4B-8A649B73D3BF} = {4F36F930-3A7F-4AF0-BF16-0C027EC9C0E2}
		{803BADF9-16C4-42C6-A95C-1F77F2FC5AAF} = {AB0B97AE-10B6-4A9E-8360-D2E603A884FA}
	EndGlobalSection
	GlobalSection(ExtensibilityGlobals) = postSolution
		SolutionGuid = {2CEF42CE-86A6-4A9D-9CF8-014CCED1EA7A}
	EndGlobalSection
EndGlobal
